// !$*UTF8*$!
{
	archiveVersion = 1;
	classes = {
	};
	objectVersion = 77;
	objects = {

/* Begin PBXContainerItemProxy section */
		AB44C5C02DDC98B9008F76A4 /* PBXContainerItemProxy */ = {
			isa = PBXContainerItemProxy;
			containerPortal = AB44C5A72DDC98B7008F76A4 /* Project object */;
			proxyType = 1;
			remoteGlobalIDString = AB44C5AE2DDC98B7008F76A4;
			remoteInfo = SwiftUIMotionKit;
		};
		AB44C5CA2DDC98B9008F76A4 /* PBXContainerItemProxy */ = {
			isa = PBXContainerItemProxy;
			containerPortal = AB44C5A72DDC98B7008F76A4 /* Project object */;
			proxyType = 1;
			remoteGlobalIDString = AB44C5AE2DDC98B7008F76A4;
			remoteInfo = SwiftUIMotionKit;
		};
/* End PBXContainerItemProxy section */

/* Begin PBXFileReference section */
		AB44C5AF2DDC98B7008F76A4 /* SwiftUIMotionKit.app */ = {isa = PBXFileReference; explicitFileType = wrapper.application; includeInIndex = 0; path = SwiftUIMotionKit.app; sourceTree = BUILT_PRODUCTS_DIR; };
		AB44C5BF2DDC98B9008F76A4 /* SwiftUIMotionKitTests.xctest */ = {isa = PBXFileReference; explicitFileType = wrapper.cfbundle; includeInIndex = 0; path = SwiftUIMotionKitTests.xctest; sourceTree = BUILT_PRODUCTS_DIR; };
		AB44C5C92DDC98B9008F76A4 /* SwiftUIMotionKitUITests.xctest */ = {isa = PBXFileReference; explicitFileType = wrapper.cfbundle; includeInIndex = 0; path = SwiftUIMotionKitUITests.xctest; sourceTree = BUILT_PRODUCTS_DIR; };
/* End PBXFileReference section */

/* Begin PBXFileSystemSynchronizedRootGroup section */
		AB44C5B12DDC98B7008F76A4 /* SwiftUIMotionKit */ = {
			isa = PBXFileSystemSynchronizedRootGroup;
			path = SwiftUIMotionKit;
			sourceTree = "<group>";
		};
		AB44C5C22DDC98B9008F76A4 /* SwiftUIMotionKitTests */ = {
			isa = PBXFileSystemSynchronizedRootGroup;
			path = SwiftUIMotionKitTests;
			sourceTree = "<group>";
		};
		AB44C5CC2DDC98B9008F76A4 /* SwiftUIMotionKitUITests */ = {
			isa = PBXFileSystemSynchronizedRootGroup;
			path = SwiftUIMotionKitUITests;
			sourceTree = "<group>";
		};
/* End PBXFileSystemSynchronizedRootGroup section */

/* Begin PBXFrameworksBuildPhase section */
		AB44C5AC2DDC98B7008F76A4 /* Frameworks */ = {
			isa = PBXFrameworksBuildPhase;
			buildActionMask = 2147483647;
			files = (
			);
			runOnlyForDeploymentPostprocessing = 0;
		};
		AB44C5BC2DDC98B9008F76A4 /* Frameworks */ = {
			isa = PBXFrameworksBuildPhase;
			buildActionMask = 2147483647;
			files = (
			);
			runOnlyForDeploymentPostprocessing = 0;
		};
		AB44C5C62DDC98B9008F76A4 /* Frameworks */ = {
			isa = PBXFrameworksBuildPhase;
			buildActionMask = 2147483647;
			files = (
			);
			runOnlyForDeploymentPostprocessing = 0;
		};
/* End PBXFrameworksBuildPhase section */

/* Begin PBXGroup section */
		AB44C5A62DDC98B7008F76A4 = {
			isa = PBXGroup;
			children = (
				AB44C5B12DDC98B7008F76A4 /* SwiftUIMotionKit */,
				AB44C5C22DDC98B9008F76A4 /* SwiftUIMotionKitTests */,
				AB44C5CC2DDC98B9008F76A4 /* SwiftUIMotionKitUITests */,
				AB44C5B02DDC98B7008F76A4 /* Products */,
			);
			sourceTree = "<group>";
		};
		AB44C5B02DDC98B7008F76A4 /* Products */ = {
			isa = PBXGroup;
			children = (
				AB44C5AF2DDC98B7008F76A4 /* SwiftUIMotionKit.app */,
				AB44C5BF2DDC98B9008F76A4 /* SwiftUIMotionKitTests.xctest */,
				AB44C5C92DDC98B9008F76A4 /* SwiftUIMotionKitUITests.xctest */,
			);
			name = Products;
			sourceTree = "<group>";
		};
/* End PBXGroup section */

/* Begin PBXNativeTarget section */
		AB44C5AE2DDC98B7008F76A4 /* SwiftUIMotionKit */ = {
			isa = PBXNativeTarget;
			buildConfigurationList = AB44C5D32DDC98B9008F76A4 /* Build configuration list for PBXNativeTarget "SwiftUIMotionKit" */;
			buildPhases = (
				AB44C5AB2DDC98B7008F76A4 /* Sources */,
				AB44C5AC2DDC98B7008F76A4 /* Frameworks */,
				AB44C5AD2DDC98B7008F76A4 /* Resources */,
			);
			buildRules = (
			);
			dependencies = (
			);
			fileSystemSynchronizedGroups = (
				AB44C5B12DDC98B7008F76A4 /* SwiftUIMotionKit */,
			);
			name = SwiftUIMotionKit;
			packageProductDependencies = (
			);
			productName = SwiftUIMotionKit;
			productReference = AB44C5AF2DDC98B7008F76A4 /* SwiftUIMotionKit.app */;
			productType = "com.apple.product-type.application";
		};
		AB44C5BE2DDC98B9008F76A4 /* SwiftUIMotionKitTests */ = {
			isa = PBXNativeTarget;
			buildConfigurationList = AB44C5D62DDC98B9008F76A4 /* Build configuration list for PBXNativeTarget "SwiftUIMotionKitTests" */;
			buildPhases = (
				AB44C5BB2DDC98B9008F76A4 /* Sources */,
				AB44C5BC2DDC98B9008F76A4 /* Frameworks */,
				AB44C5BD2DDC98B9008F76A4 /* Resources */,
			);
			buildRules = (
			);
			dependencies = (
				AB44C5C12DDC98B9008F76A4 /* PBXTargetDependency */,
			);
			fileSystemSynchronizedGroups = (
				AB44C5C22DDC98B9008F76A4 /* SwiftUIMotionKitTests */,
			);
			name = SwiftUIMotionKitTests;
			packageProductDependencies = (
			);
			productName = SwiftUIMotionKitTests;
			productReference = AB44C5BF2DDC98B9008F76A4 /* SwiftUIMotionKitTests.xctest */;
			productType = "com.apple.product-type.bundle.unit-test";
		};
		AB44C5C82DDC98B9008F76A4 /* SwiftUIMotionKitUITests */ = {
			isa = PBXNativeTarget;
			buildConfigurationList = AB44C5D92DDC98B9008F76A4 /* Build configuration list for PBXNativeTarget "SwiftUIMotionKitUITests" */;
			buildPhases = (
				AB44C5C52DDC98B9008F76A4 /* Sources */,
				AB44C5C62DDC98B9008F76A4 /* Frameworks */,
				AB44C5C72DDC98B9008F76A4 /* Resources */,
			);
			buildRules = (
			);
			dependencies = (
				AB44C5CB2DDC98B9008F76A4 /* PBXTargetDependency */,
			);
			fileSystemSynchronizedGroups = (
				AB44C5CC2DDC98B9008F76A4 /* SwiftUIMotionKitUITests */,
			);
			name = SwiftUIMotionKitUITests;
			packageProductDependencies = (
			);
			productName = SwiftUIMotionKitUITests;
			productReference = AB44C5C92DDC98B9008F76A4 /* SwiftUIMotionKitUITests.xctest */;
			productType = "com.apple.product-type.bundle.ui-testing";
		};
/* End PBXNativeTarget section */

/* Begin PBXProject section */
		AB44C5A72DDC98B7008F76A4 /* Project object */ = {
			isa = PBXProject;
			attributes = {
				BuildIndependentTargetsInParallel = 1;
				LastSwiftUpdateCheck = 1620;
				LastUpgradeCheck = 1620;
				TargetAttributes = {
					AB44C5AE2DDC98B7008F76A4 = {
						CreatedOnToolsVersion = 16.2;
					};
					AB44C5BE2DDC98B9008F76A4 = {
						CreatedOnToolsVersion = 16.2;
						TestTargetID = AB44C5AE2DDC98B7008F76A4;
					};
					AB44C5C82DDC98B9008F76A4 = {
						CreatedOnToolsVersion = 16.2;
						TestTargetID = AB44C5AE2DDC98B7008F76A4;
					};
				};
			};
			buildConfigurationList = AB44C5AA2DDC98B7008F76A4 /* Build configuration list for PBXProject "SwiftUIMotionKit" */;
			developmentRegion = en;
			hasScannedForEncodings = 0;
			knownRegions = (
				en,
				Base,
			);
			mainGroup = AB44C5A62DDC98B7008F76A4;
			minimizedProjectReferenceProxies = 1;
			preferredProjectObjectVersion = 77;
			productRefGroup = AB44C5B02DDC98B7008F76A4 /* Products */;
			projectDirPath = "";
			projectRoot = "";
			targets = (
				AB44C5AE2DDC98B7008F76A4 /* SwiftUIMotionKit */,
				AB44C5BE2DDC98B9008F76A4 /* SwiftUIMotionKitTests */,
				AB44C5C82DDC98B9008F76A4 /* SwiftUIMotionKitUITests */,
			);
		};
/* End PBXProject section */

/* Begin PBXResourcesBuildPhase section */
		AB44C5AD2DDC98B7008F76A4 /* Resources */ = {
			isa = PBXResourcesBuildPhase;
			buildActionMask = 2147483647;
			files = (
			);
			runOnlyForDeploymentPostprocessing = 0;
		};
		AB44C5BD2DDC98B9008F76A4 /* Resources */ = {
			isa = PBXResourcesBuildPhase;
			buildActionMask = 2147483647;
			files = (
			);
			runOnlyForDeploymentPostprocessing = 0;
		};
		AB44C5C72DDC98B9008F76A4 /* Resources */ = {
			isa = PBXResourcesBuildPhase;
			buildActionMask = 2147483647;
			files = (
			);
			runOnlyForDeploymentPostprocessing = 0;
		};
/* End PBXResourcesBuildPhase section */

/* Begin PBXSourcesBuildPhase section */
		AB44C5AB2DDC98B7008F76A4 /* Sources */ = {
			isa = PBXSourcesBuildPhase;
			buildActionMask = 2147483647;
			files = (
			);
			runOnlyForDeploymentPostprocessing = 0;
		};
		AB44C5BB2DDC98B9008F76A4 /* Sources */ = {
			isa = PBXSourcesBuildPhase;
			buildActionMask = 2147483647;
			files = (
			);
			runOnlyForDeploymentPostprocessing = 0;
		};
		AB44C5C52DDC98B9008F76A4 /* Sources */ = {
			isa = PBXSourcesBuildPhase;
			buildActionMask = 2147483647;
			files = (
			);
			runOnlyForDeploymentPostprocessing = 0;
		};
/* End PBXSourcesBuildPhase section */

/* Begin PBXTargetDependency section */
		AB44C5C12DDC98B9008F76A4 /* PBXTargetDependency */ = {
			isa = PBXTargetDependency;
			target = AB44C5AE2DDC98B7008F76A4 /* SwiftUIMotionKit */;
			targetProxy = AB44C5C02DDC98B9008F76A4 /* PBXContainerItemProxy */;
		};
		AB44C5CB2DDC98B9008F76A4 /* PBXTargetDependency */ = {
			isa = PBXTargetDependency;
			target = AB44C5AE2DDC98B7008F76A4 /* SwiftUIMotionKit */;
			targetProxy = AB44C5CA2DDC98B9008F76A4 /* PBXContainerItemProxy */;
		};
/* End PBXTargetDependency section */

/* Begin XCBuildConfiguration section */
		AB44C5D12DDC98B9008F76A4 /* Debug */ = {
			isa = XCBuildConfiguration;
			buildSettings = {
				ALWAYS_SEARCH_USER_PATHS = NO;
				ASSETCATALOG_COMPILER_GENERATE_SWIFT_ASSET_SYMBOL_EXTENSIONS = YES;
				CLANG_ANALYZER_NONNULL = YES;
				CLANG_ANALYZER_NUMBER_OBJECT_CONVERSION = YES_AGGRESSIVE;
				CLANG_CXX_LANGUAGE_STANDARD = "gnu++20";
				CLANG_ENABLE_MODULES = YES;
				CLANG_ENABLE_OBJC_ARC = YES;
				CLANG_ENABLE_OBJC_WEAK = YES;
				CLANG_WARN_BLOCK_CAPTURE_AUTORELEASING = YES;
				CLANG_WARN_BOOL_CONVERSION = YES;
				CLANG_WARN_COMMA = YES;
				CLANG_WARN_CONSTANT_CONVERSION = YES;
				CLANG_WARN_DEPRECATED_OBJC_IMPLEMENTATIONS = YES;
				CLANG_WARN_DIRECT_OBJC_ISA_USAGE = YES_ERROR;
				CLANG_WARN_DOCUMENTATION_COMMENTS = YES;
				CLANG_WARN_EMPTY_BODY = YES;
				CLANG_WARN_ENUM_CONVERSION = YES;
				CLANG_WARN_INFINITE_RECURSION = YES;
				CLANG_WARN_INT_CONVERSION = YES;
				CLANG_WARN_NON_LITERAL_NULL_CONVERSION = YES;
				CLANG_WARN_OBJC_IMPLICIT_RETAIN_SELF = YES;
				CLANG_WARN_OBJC_LITERAL_CONVERSION = YES;
				CLANG_WARN_OBJC_ROOT_CLASS = YES_ERROR;
				CLANG_WARN_QUOTED_INCLUDE_IN_FRAMEWORK_HEADER = YES;
				CLANG_WARN_RANGE_LOOP_ANALYSIS = YES;
				CLANG_WARN_STRICT_PROTOTYPES = YES;
				CLANG_WARN_SUSPICIOUS_MOVE = YES;
				CLANG_WARN_UNGUARDED_AVAILABILITY = YES_AGGRESSIVE;
				CLANG_WARN_UNREACHABLE_CODE = YES;
				CLANG_WARN__DUPLICATE_METHOD_MATCH = YES;
				COPY_PHASE_STRIP = NO;
				DEBUG_INFORMATION_FORMAT = dwarf;
				ENABLE_STRICT_OBJC_MSGSEND = YES;
				ENABLE_TESTABILITY = YES;
				ENABLE_USER_SCRIPT_SANDBOXING = YES;
				GCC_C_LANGUAGE_STANDARD = gnu17;
				GCC_DYNAMIC_NO_PIC = NO;
				GCC_NO_COMMON_BLOCKS = YES;
				GCC_OPTIMIZATION_LEVEL = 0;
				GCC_PREPROCESSOR_DEFINITIONS = (
					"DEBUG=1",
					"$(inherited)",
				);
				GCC_WARN_64_TO_32_BIT_CONVERSION = YES;
				GCC_WARN_ABOUT_RETURN_TYPE = YES_ERROR;
				GCC_WARN_UNDECLARED_SELECTOR = YES;
				GCC_WARN_UNINITIALIZED_AUTOS = YES_AGGRESSIVE;
				GCC_WARN_UNUSED_FUNCTION = YES;
				GCC_WARN_UNUSED_VARIABLE = YES;
				IPHONEOS_DEPLOYMENT_TARGET = 18.2;
				LOCALIZATION_PREFERS_STRING_CATALOGS = YES;
				MTL_ENABLE_DEBUG_INFO = INCLUDE_SOURCE;
				MTL_FAST_MATH = YES;
				ONLY_ACTIVE_ARCH = YES;
				SDKROOT = iphoneos;
				SWIFT_ACTIVE_COMPILATION_CONDITIONS = "DEBUG $(inherited)";
				SWIFT_OPTIMIZATION_LEVEL = "-Onone";
			};
			name = Debug;
		};
		AB44C5D22DDC98B9008F76A4 /* Release */ = {
			isa = XCBuildConfiguration;
			buildSettings = {
				ALWAYS_SEARCH_USER_PATHS = NO;
				ASSETCATALOG_COMPILER_GENERATE_SWIFT_ASSET_SYMBOL_EXTENSIONS = YES;
				CLANG_ANALYZER_NONNULL = YES;
				CLANG_ANALYZER_NUMBER_OBJECT_CONVERSION = YES_AGGRESSIVE;
				CLANG_CXX_LANGUAGE_STANDARD = "gnu++20";
				CLANG_ENABLE_MODULES = YES;
				CLANG_ENABLE_OBJC_ARC = YES;
				CLANG_ENABLE_OBJC_WEAK = YES;
				CLANG_WARN_BLOCK_CAPTURE_AUTORELEASING = YES;
				CLANG_WARN_BOOL_CONVERSION = YES;
				CLANG_WARN_COMMA = YES;
				CLANG_WARN_CONSTANT_CONVERSION = YES;
				CLANG_WARN_DEPRECATED_OBJC_IMPLEMENTATIONS = YES;
				CLANG_WARN_DIRECT_OBJC_ISA_USAGE = YES_ERROR;
				CLANG_WARN_DOCUMENTATION_COMMENTS = YES;
				CLANG_WARN_EMPTY_BODY = YES;
				CLANG_WARN_ENUM_CONVERSION = YES;
				CLANG_WARN_INFINITE_RECURSION = YES;
				CLANG_WARN_INT_CONVERSION = YES;
				CLANG_WARN_NON_LITERAL_NULL_CONVERSION = YES;
				CLANG_WARN_OBJC_IMPLICIT_RETAIN_SELF = YES;
				CLANG_WARN_OBJC_LITERAL_CONVERSION = YES;
				CLANG_WARN_OBJC_ROOT_CLASS = YES_ERROR;
				CLANG_WARN_QUOTED_INCLUDE_IN_FRAMEWORK_HEADER = YES;
				CLANG_WARN_RANGE_LOOP_ANALYSIS = YES;
				CLANG_WARN_STRICT_PROTOTYPES = YES;
				CLANG_WARN_SUSPICIOUS_MOVE = YES;
				CLANG_WARN_UNGUARDED_AVAILABILITY = YES_AGGRESSIVE;
				CLANG_WARN_UNREACHABLE_CODE = YES;
				CLANG_WARN__DUPLICATE_METHOD_MATCH = YES;
				COPY_PHASE_STRIP = NO;
				DEBUG_INFORMATION_FORMAT = "dwarf-with-dsym";
				ENABLE_NS_ASSERTIONS = NO;
				ENABLE_STRICT_OBJC_MSGSEND = YES;
				ENABLE_USER_SCRIPT_SANDBOXING = YES;
				GCC_C_LANGUAGE_STANDARD = gnu17;
				GCC_NO_COMMON_BLOCKS = YES;
				GCC_WARN_64_TO_32_BIT_CONVERSION = YES;
				GCC_WARN_ABOUT_RETURN_TYPE = YES_ERROR;
				GCC_WARN_UNDECLARED_SELECTOR = YES;
				GCC_WARN_UNINITIALIZED_AUTOS = YES_AGGRESSIVE;
				GCC_WARN_UNUSED_FUNCTION = YES;
				GCC_WARN_UNUSED_VARIABLE = YES;
				IPHONEOS_DEPLOYMENT_TARGET = 18.2;
				LOCALIZATION_PREFERS_STRING_CATALOGS = YES;
				MTL_ENABLE_DEBUG_INFO = NO;
				MTL_FAST_MATH = YES;
				SDKROOT = iphoneos;
				SWIFT_COMPILATION_MODE = wholemodule;
				VALIDATE_PRODUCT = YES;
			};
			name = Release;
		};
		AB44C5D42DDC98B9008F76A4 /* Debug */ = {
			isa = XCBuildConfiguration;
			buildSettings = {
				ASSETCATALOG_COMPILER_APPICON_NAME = AppIcon;
				ASSETCATALOG_COMPILER_GLOBAL_ACCENT_COLOR_NAME = AccentColor;
				CODE_SIGN_STYLE = Automatic;
				CURRENT_PROJECT_VERSION = 1;
				DEVELOPMENT_ASSET_PATHS = "\"SwiftUIMotionKit/Preview Content\"";
				ENABLE_PREVIEWS = YES;
				GENERATE_INFOPLIST_FILE = YES;
				INFOPLIST_KEY_UIApplicationSceneManifest_Generation = YES;
				INFOPLIST_KEY_UIApplicationSupportsIndirectInputEvents = YES;
				INFOPLIST_KEY_UILaunchScreen_Generation = YES;
				INFOPLIST_KEY_UISupportedInterfaceOrientations_iPad = "UIInterfaceOrientationPortrait UIInterfaceOrientationPortraitUpsideDown UIInterfaceOrientationLandscapeLeft UIInterfaceOrientationLandscapeRight";
				INFOPLIST_KEY_UISupportedInterfaceOrientations_iPhone = "UIInterfaceOrientationPortrait UIInterfaceOrientationLandscapeLeft UIInterfaceOrientationLandscapeRight";
				LD_RUNPATH_SEARCH_PATHS = (
					"$(inherited)",
					"@executable_path/Frameworks",
				);
				MARKETING_VERSION = 1.0;
				PRODUCT_BUNDLE_IDENTIFIER = denidug.SwiftUIMotionKit;
				PRODUCT_NAME = "$(TARGET_NAME)";
				SWIFT_EMIT_LOC_STRINGS = YES;
				SWIFT_VERSION = 5.0;
				TARGETED_DEVICE_FAMILY = "1,2";
			};
			name = Debug;
		};
		AB44C5D52DDC98B9008F76A4 /* Release */ = {
			isa = XCBuildConfiguration;
			buildSettings = {
				ASSETCATALOG_COMPILER_APPICON_NAME = AppIcon;
				ASSETCATALOG_COMPILER_GLOBAL_ACCENT_COLOR_NAME = AccentColor;
				CODE_SIGN_STYLE = Automatic;
				CURRENT_PROJECT_VERSION = 1;
				DEVELOPMENT_ASSET_PATHS = "\"SwiftUIMotionKit/Preview Content\"";
				ENABLE_PREVIEWS = YES;
				GENERATE_INFOPLIST_FILE = YES;
				INFOPLIST_KEY_UIApplicationSceneManifest_Generation = YES;
				INFOPLIST_KEY_UIApplicationSupportsIndirectInputEvents = YES;
				INFOPLIST_KEY_UILaunchScreen_Generation = YES;
				INFOPLIST_KEY_UISupportedInterfaceOrientations_iPad = "UIInterfaceOrientationPortrait UIInterfaceOrientationPortraitUpsideDown UIInterfaceOrientationLandscapeLeft UIInterfaceOrientationLandscapeRight";
				INFOPLIST_KEY_UISupportedInterfaceOrientations_iPhone = "UIInterfaceOrientationPortrait UIInterfaceOrientationLandscapeLeft UIInterfaceOrientationLandscapeRight";
				LD_RUNPATH_SEARCH_PATHS = (
					"$(inherited)",
					"@executable_path/Frameworks",
				);
				MARKETING_VERSION = 1.0;
				PRODUCT_BUNDLE_IDENTIFIER = denidug.SwiftUIMotionKit;
				PRODUCT_NAME = "$(TARGET_NAME)";
				SWIFT_EMIT_LOC_STRINGS = YES;
				SWIFT_VERSION = 5.0;
				TARGETED_DEVICE_FAMILY = "1,2";
			};
			name = Release;
		};
		AB44C5D72DDC98B9008F76A4 /* Debug */ = {
			isa = XCBuildConfiguration;
			buildSettings = {
				BUNDLE_LOADER = "$(TEST_HOST)";
				CODE_SIGN_STYLE = Automatic;
				CURRENT_PROJECT_VERSION = 1;
				GENERATE_INFOPLIST_FILE = YES;
				IPHONEOS_DEPLOYMENT_TARGET = 18.2;
				MARKETING_VERSION = 1.0;
				PRODUCT_BUNDLE_IDENTIFIER = denidug.SwiftUIMotionKitTests;
				PRODUCT_NAME = "$(TARGET_NAME)";
				SWIFT_EMIT_LOC_STRINGS = NO;
				SWIFT_VERSION = 5.0;
				TARGETED_DEVICE_FAMILY = "1,2";
				TEST_HOST = "$(BUILT_PRODUCTS_DIR)/SwiftUIMotionKit.app/$(BUNDLE_EXECUTABLE_FOLDER_PATH)/SwiftUIMotionKit";
			};
			name = Debug;
		};
		AB44C5D82DDC98B9008F76A4 /* Release */ = {
			isa = XCBuildConfiguration;
			buildSettings = {
				BUNDLE_LOADER = "$(TEST_HOST)";
				CODE_SIGN_STYLE = Automatic;
				CURRENT_PROJECT_VERSION = 1;
				GENERATE_INFOPLIST_FILE = YES;
				IPHONEOS_DEPLOYMENT_TARGET = 18.2;
				MARKETING_VERSION = 1.0;
				PRODUCT_BUNDLE_IDENTIFIER = denidug.SwiftUIMotionKitTests;
				PRODUCT_NAME = "$(TARGET_NAME)";
				SWIFT_EMIT_LOC_STRINGS = NO;
				SWIFT_VERSION = 5.0;
				TARGETED_DEVICE_FAMILY = "1,2";
				TEST_HOST = "$(BUILT_PRODUCTS_DIR)/SwiftUIMotionKit.app/$(BUNDLE_EXECUTABLE_FOLDER_PATH)/SwiftUIMotionKit";
			};
			name = Release;
		};
		AB44C5DA2DDC98B9008F76A4 /* Debug */ = {
			isa = XCBuildConfiguration;
			buildSettings = {
				CODE_SIGN_STYLE = Automatic;
				CURRENT_PROJECT_VERSION = 1;
				GENERATE_INFOPLIST_FILE = YES;
				MARKETING_VERSION = 1.0;
				PRODUCT_BUNDLE_IDENTIFIER = denidug.SwiftUIMotionKitUITests;
				PRODUCT_NAME = "$(TARGET_NAME)";
				SWIFT_EMIT_LOC_STRINGS = NO;
				SWIFT_VERSION = 5.0;
				TARGETED_DEVICE_FAMILY = "1,2";
				TEST_TARGET_NAME = SwiftUIMotionKit;
			};
			name = Debug;
		};
		AB44C5DB2DDC98B9008F76A4 /* Release */ = {
			isa = XCBuildConfiguration;
			buildSettings = {
				CODE_SIGN_STYLE = Automatic;
				CURRENT_PROJECT_VERSION = 1;
				GENERATE_INFOPLIST_FILE = YES;
				MARKETING_VERSION = 1.0;
				PRODUCT_BUNDLE_IDENTIFIER = denidug.SwiftUIMotionKitUITests;
				PRODUCT_NAME = "$(TARGET_NAME)";
				SWIFT_EMIT_LOC_STRINGS = NO;
				SWIFT_VERSION = 5.0;
				TARGETED_DEVICE_FAMILY = "1,2";
				TEST_TARGET_NAME = SwiftUIMotionKit;
			};
			name = Release;
		};
/* End XCBuildConfiguration section */

/* Begin XCConfigurationList section */
		AB44C5AA2DDC98B7008F76A4 /* Build configuration list for PBXProject "SwiftUIMotionKit" */ = {
			isa = XCConfigurationList;
			buildConfigurations = (
				AB44C5D12DDC98B9008F76A4 /* Debug */,
				AB44C5D22DDC98B9008F76A4 /* Release */,
			);
			defaultConfigurationIsVisible = 0;
			defaultConfigurationName = Release;
		};
		AB44C5D32DDC98B9008F76A4 /* Build configuration list for PBXNativeTarget "SwiftUIMotionKit" */ = {
			isa = XCConfigurationList;
			buildConfigurations = (
				AB44C5D42DDC98B9008F76A4 /* Debug */,
				AB44C5D52DDC98B9008F76A4 /* Release */,
			);
			defaultConfigurationIsVisible = 0;
			defaultConfigurationName = Release;
		};
		AB44C5D62DDC98B9008F76A4 /* Build configuration list for PBXNativeTarget "SwiftUIMotionKitTests" */ = {
			isa = XCConfigurationList;
			buildConfigurations = (
				AB44C5D72DDC98B9008F76A4 /* Debug */,
				AB44C5D82DDC98B9008F76A4 /* Release */,
			);
			defaultConfigurationIsVisible = 0;
			defaultConfigurationName = Release;
		};
		AB44C5D92DDC98B9008F76A4 /* Build configuration list for PBXNativeTarget "SwiftUIMotionKitUITests" */ = {
			isa = XCConfigurationList;
			buildConfigurations = (
				AB44C5DA2DDC98B9008F76A4 /* Debug */,
				AB44C5DB2DDC98B9008F76A4 /* Release */,
			);
			defaultConfigurationIsVisible = 0;
			defaultConfigurationName = Release;
		};
/* End XCConfigurationList section */
	};
	rootObject = AB44C5A72DDC98B7008F76A4 /* Project object */;
}
